
Microsoft Visual Studio Solution File, Format Version 12.00
# Visual Studio Version 16
VisualStudioVersion = 16.0.31729.503
MinimumVisualStudioVersion = 10.0.40219.1
Project("{FAE04EC0-301F-11D3-BF4B-00C04F79EFBC}") = "IronOCRInDocker", "IronOCRInDocker\IronOCRInDocker.csproj", "{AB5768B8-54E7-4FA8-9BE6-563CDE1A2F6B}"
EndProject
Global
	GlobalSection(SolutionConfigurationPlatforms) = preSolution
		Debug|Any CPU = Debug|Any CPU
		Release|Any CPU = Release|Any CPU
	EndGlobalSection
	GlobalSection(ProjectConfigurationPlatforms) = postSolution
		{AB5768B8-54E7-4FA8-9BE6-563CDE1A2F6B}.Debug|Any CPU.ActiveCfg = Debug|Any CPU
		{AB5768B8-54E7-4FA8-9BE6-563CDE1A2F6B}.Debug|Any CPU.Build.0 = Debug|Any CPU
		{AB5768B8-54E7-4FA8-9BE6-563CDE1A2F6B}.Release|Any CPU.ActiveCfg = Release|Any CPU
		{AB5768B8-54E7-4FA8-9BE6-563CDE1A2F6B}.Release|Any CPU.Build.0 = Release|Any CPU
	EndGlobalSection
	GlobalSection(SolutionProperties) = preSolution
		HideSolutionNode = FALSE
	EndGlobalSection
	GlobalSection(ExtensibilityGlobals) = postSolution
		SolutionGuid = {6DC15DBB-F854-4D06-A3A4-C062521D6C83}
	EndGlobalSection
EndGlobal
